
Microsoft Visual Studio Solution File, Format Version 12.00
# Visual Studio Version 17
VisualStudioVersion = 17.0.31903.59
MinimumVisualStudioVersion = 10.0.40219.1
Project("{9A19103F-16F7-4668-BE54-9A1E7A4F7556}") = "safety", "safety.csproj", "{CCC9CD00-D008-44CA-93AD-1298CF1E6528}"
EndProject
Global
	GlobalSection(SolutionConfigurationPlatforms) = preSolution
		Debug|Any CPU = Debug|Any CPU
		Release|Any CPU = Release|Any CPU
	EndGlobalSection
	GlobalSection(ProjectConfigurationPlatforms) = postSolution
		{CCC9CD00-D008-44CA-93AD-1298CF1E6528}.Debug|Any CPU.ActiveCfg = Debug|Any CPU
		{CCC9CD00-D008-44CA-93AD-1298CF1E6528}.Debug|Any CPU.Build.0 = Debug|Any CPU
		{CCC9CD00-D008-44CA-93AD-1298CF1E6528}.Release|Any CPU.ActiveCfg = Release|Any CPU
		{CCC9CD00-D008-44CA-93AD-1298CF1E6528}.Release|Any CPU.Build.0 = Release|Any CPU
	EndGlobalSection
	GlobalSection(SolutionProperties) = preSolution
		HideSolutionNode = FALSE
	EndGlobalSection
	GlobalSection(ExtensibilityGlobals) = postSolution
		SolutionGuid = {6C8FA77B-4754-455C-B6E3-8AC0AD6B17E9}
	EndGlobalSection
EndGlobal
